// !$*UTF8*$!
{
	archiveVersion = 1;
	classes = {
	};
	objectVersion = 46;
	objects = {

/* Begin PBXBuildFile section */
		784864ED6A0B7AF68C8DE1D8 /* SweetAlert.podspec in Resources */ = {isa = PBXBuildFile; fileRef = 784869A188ADBAB6A90C84DF /* SweetAlert.podspec */; };
		9B4286E81A0D2F5C00E9913B /* SweetAlert.swift in Sources */ = {isa = PBXBuildFile; fileRef = 9B4286E71A0D2F5C00E9913B /* SweetAlert.swift */; };
		9B4286EB1A0D2F7700E9913B /* AppDelegate.swift in Sources */ = {isa = PBXBuildFile; fileRef = 9B4286E91A0D2F7700E9913B /* AppDelegate.swift */; };
		9B4286EC1A0D2F7700E9913B /* ViewController.swift in Sources */ = {isa = PBXBuildFile; fileRef = 9B4286EA1A0D2F7700E9913B /* ViewController.swift */; };
		9B4286EE1A0D2FA000E9913B /* Images.xcassets in Resources */ = {isa = PBXBuildFile; fileRef = 9B4286ED1A0D2FA000E9913B /* Images.xcassets */; };
		9B4286F31A0D2FAF00E9913B /* LaunchScreen.xib in Resources */ = {isa = PBXBuildFile; fileRef = 9B4286EF1A0D2FAF00E9913B /* LaunchScreen.xib */; };
		9B4286F41A0D2FAF00E9913B /* Main.storyboard in Resources */ = {isa = PBXBuildFile; fileRef = 9B4286F11A0D2FAF00E9913B /* Main.storyboard */; };
		9B4286F91A0D2FC500E9913B /* logo_big.png in Resources */ = {isa = PBXBuildFile; fileRef = 9B4286F61A0D2FC500E9913B /* logo_big.png */; };
		9B4286FA1A0D2FC500E9913B /* SweetAlert.png in Resources */ = {isa = PBXBuildFile; fileRef = 9B4286F71A0D2FC500E9913B /* SweetAlert.png */; };
		9B4CD1311A06E9C400B65DE0 /* QuartzCore.framework in Frameworks */ = {isa = PBXBuildFile; fileRef = 9B4CD1301A06E9C400B65DE0 /* QuartzCore.framework */; };
		9BCAC7A51A0E0B3600282753 /* thumb.jpg in Resources */ = {isa = PBXBuildFile; fileRef = 9BCAC7A41A0E0B3600282753 /* thumb.jpg */; };
/* End PBXBuildFile section */

/* Begin PBXFileReference section */
		784869A188ADBAB6A90C84DF /* SweetAlert.podspec */ = {isa = PBXFileReference; lastKnownFileType = file.podspec; path = SweetAlert.podspec; sourceTree = "<group>"; };
		9B4286E71A0D2F5C00E9913B /* SweetAlert.swift */ = {isa = PBXFileReference; fileEncoding = 4; lastKnownFileType = sourcecode.swift; name = SweetAlert.swift; path = SweetAlert/SweetAlert.swift; sourceTree = SOURCE_ROOT; };
		9B4286E91A0D2F7700E9913B /* AppDelegate.swift */ = {isa = PBXFileReference; fileEncoding = 4; lastKnownFileType = sourcecode.swift; name = AppDelegate.swift; path = SweetAlert/AppDelegate.swift; sourceTree = SOURCE_ROOT; };
		9B4286EA1A0D2F7700E9913B /* ViewController.swift */ = {isa = PBXFileReference; fileEncoding = 4; lastKnownFileType = sourcecode.swift; name = ViewController.swift; path = SweetAlert/ViewController.swift; sourceTree = SOURCE_ROOT; };
		9B4286ED1A0D2FA000E9913B /* Images.xcassets */ = {isa = PBXFileReference; lastKnownFileType = folder.assetcatalog; name = Images.xcassets; path = SweetAlert/Images.xcassets; sourceTree = SOURCE_ROOT; };
		9B4286F01A0D2FAF00E9913B /* Base */ = {isa = PBXFileReference; lastKnownFileType = file.xib; name = Base; path = SweetAlert/Base.lproj/LaunchScreen.xib; sourceTree = SOURCE_ROOT; };
		9B4286F21A0D2FAF00E9913B /* Base */ = {isa = PBXFileReference; lastKnownFileType = file.storyboard; name = Base; path = SweetAlert/Base.lproj/Main.storyboard; sourceTree = SOURCE_ROOT; };
		9B4286F51A0D2FC500E9913B /* Info.plist */ = {isa = PBXFileReference; fileEncoding = 4; lastKnownFileType = text.plist.xml; name = Info.plist; path = SweetAlert/Info.plist; sourceTree = SOURCE_ROOT; };
		9B4286F61A0D2FC500E9913B /* logo_big.png */ = {isa = PBXFileReference; lastKnownFileType = image.png; name = logo_big.png; path = SweetAlert/logo_big.png; sourceTree = SOURCE_ROOT; };
		9B4286F71A0D2FC500E9913B /* SweetAlert.png */ = {isa = PBXFileReference; lastKnownFileType = image.png; name = SweetAlert.png; path = SweetAlert/SweetAlert.png; sourceTree = SOURCE_ROOT; };
		9B4CD1081A06E55200B65DE0 /* SweetAlert.app */ = {isa = PBXFileReference; explicitFileType = wrapper.application; includeInIndex = 0; path = SweetAlert.app; sourceTree = BUILT_PRODUCTS_DIR; };
		9B4CD1301A06E9C400B65DE0 /* QuartzCore.framework */ = {isa = PBXFileReference; lastKnownFileType = wrapper.framework; name = QuartzCore.framework; path = System/Library/Frameworks/QuartzCore.framework; sourceTree = SDKROOT; };
		9BCAC7A41A0E0B3600282753 /* thumb.jpg */ = {isa = PBXFileReference; lastKnownFileType = image.jpeg; path = thumb.jpg; sourceTree = SOURCE_ROOT; };
/* End PBXFileReference section */

/* Begin PBXFrameworksBuildPhase section */
		9B4CD1051A06E55200B65DE0 /* Frameworks */ = {
			isa = PBXFrameworksBuildPhase;
			buildActionMask = 2147483647;
			files = (
				9B4CD1311A06E9C400B65DE0 /* QuartzCore.framework in Frameworks */,
			);
			runOnlyForDeploymentPostprocessing = 0;
		};
/* End PBXFrameworksBuildPhase section */

/* Begin PBXGroup section */
		9B4286FB1A0D300300E9913B /* Frameworks */ = {
			isa = PBXGroup;
			children = (
				9B4CD1301A06E9C400B65DE0 /* QuartzCore.framework */,
			);
			name = Frameworks;
			sourceTree = "<group>";
		};
		9B4CD0FF1A06E55200B65DE0 = {
			isa = PBXGroup;
			children = (
				9B4CD10A1A06E55200B65DE0 /* SweetAlert */,
				9B4CD1091A06E55200B65DE0 /* Products */,
				784869A188ADBAB6A90C84DF /* SweetAlert.podspec */,
			);
			sourceTree = "<group>";
		};
		9B4CD1091A06E55200B65DE0 /* Products */ = {
			isa = PBXGroup;
			children = (
				9B4CD1081A06E55200B65DE0 /* SweetAlert.app */,
			);
			name = Products;
			sourceTree = "<group>";
		};
		9B4CD10A1A06E55200B65DE0 /* SweetAlert */ = {
			isa = PBXGroup;
			children = (
				9B4CD12D1A06E7EF00B65DE0 /* SweetAlert */,
				9B4286E91A0D2F7700E9913B /* AppDelegate.swift */,
				9B4286EA1A0D2F7700E9913B /* ViewController.swift */,
				9B4286EF1A0D2FAF00E9913B /* LaunchScreen.xib */,
				9B4286F11A0D2FAF00E9913B /* Main.storyboard */,
				9B4286ED1A0D2FA000E9913B /* Images.xcassets */,
				9B4CD10B1A06E55200B65DE0 /* Supporting Files */,
			);
			name = SweetAlert;
			path = GNDBLAlert;
			sourceTree = "<group>";
		};
		9B4CD10B1A06E55200B65DE0 /* Supporting Files */ = {
			isa = PBXGroup;
			children = (
				9BCAC7A41A0E0B3600282753 /* thumb.jpg */,
				9B4286FB1A0D300300E9913B /* Frameworks */,
				9B4286F51A0D2FC500E9913B /* Info.plist */,
				9B4286F61A0D2FC500E9913B /* logo_big.png */,
				9B4286F71A0D2FC500E9913B /* SweetAlert.png */,
			);
			name = "Supporting Files";
			sourceTree = "<group>";
		};
		9B4CD12D1A06E7EF00B65DE0 /* SweetAlert */ = {
			isa = PBXGroup;
			children = (
				9B4286E71A0D2F5C00E9913B /* SweetAlert.swift */,
			);
			name = SweetAlert;
			sourceTree = "<group>";
		};
/* End PBXGroup section */

/* Begin PBXNativeTarget section */
		9B4CD1071A06E55200B65DE0 /* SweetAlert */ = {
			isa = PBXNativeTarget;
			buildConfigurationList = 9B4CD1271A06E55300B65DE0 /* Build configuration list for PBXNativeTarget "SweetAlert" */;
			buildPhases = (
				9B4CD1041A06E55200B65DE0 /* Sources */,
				9B4CD1051A06E55200B65DE0 /* Frameworks */,
				9B4CD1061A06E55200B65DE0 /* Resources */,
			);
			buildRules = (
			);
			dependencies = (
			);
			name = SweetAlert;
			productName = GNDBLAlert;
			productReference = 9B4CD1081A06E55200B65DE0 /* SweetAlert.app */;
			productType = "com.apple.product-type.application";
		};
/* End PBXNativeTarget section */

/* Begin PBXProject section */
		9B4CD1001A06E55200B65DE0 /* Project object */ = {
			isa = PBXProject;
			attributes = {
				LastUpgradeCheck = 0800;
				ORGANIZATIONNAME = "Sahil Wasan";
				TargetAttributes = {
					9B4CD1071A06E55200B65DE0 = {
						CreatedOnToolsVersion = 6.1;
						LastSwiftMigration = 0800;
					};
				};
			};
			buildConfigurationList = 9B4CD1031A06E55200B65DE0 /* Build configuration list for PBXProject "SweetAlert" */;
			compatibilityVersion = "Xcode 3.2";
			developmentRegion = English;
			hasScannedForEncodings = 0;
			knownRegions = (
				en,
				Base,
			);
			mainGroup = 9B4CD0FF1A06E55200B65DE0;
			productRefGroup = 9B4CD1091A06E55200B65DE0 /* Products */;
			projectDirPath = "";
			projectRoot = "";
			targets = (
				9B4CD1071A06E55200B65DE0 /* SweetAlert */,
			);
		};
/* End PBXProject section */

/* Begin PBXResourcesBuildPhase section */
		9B4CD1061A06E55200B65DE0 /* Resources */ = {
			isa = PBXResourcesBuildPhase;
			buildActionMask = 2147483647;
			files = (
				9B4286F31A0D2FAF00E9913B /* LaunchScreen.xib in Resources */,
				9B4286FA1A0D2FC500E9913B /* SweetAlert.png in Resources */,
				9B4286EE1A0D2FA000E9913B /* Images.xcassets in Resources */,
				9B4286F41A0D2FAF00E9913B /* Main.storyboard in Resources */,
				9B4286F91A0D2FC500E9913B /* logo_big.png in Resources */,
				9BCAC7A51A0E0B3600282753 /* thumb.jpg in Resources */,
				784864ED6A0B7AF68C8DE1D8 /* SweetAlert.podspec in Resources */,
			);
			runOnlyForDeploymentPostprocessing = 0;
		};
/* End PBXResourcesBuildPhase section */

/* Begin PBXSourcesBuildPhase section */
		9B4CD1041A06E55200B65DE0 /* Sources */ = {
			isa = PBXSourcesBuildPhase;
			buildActionMask = 2147483647;
			files = (
				9B4286EC1A0D2F7700E9913B /* ViewController.swift in Sources */,
				9B4286EB1A0D2F7700E9913B /* AppDelegate.swift in Sources */,
				9B4286E81A0D2F5C00E9913B /* SweetAlert.swift in Sources */,
			);
			runOnlyForDeploymentPostprocessing = 0;
		};
/* End PBXSourcesBuildPhase section */

/* Begin PBXVariantGroup section */
		9B4286EF1A0D2FAF00E9913B /* LaunchScreen.xib */ = {
			isa = PBXVariantGroup;
			children = (
				9B4286F01A0D2FAF00E9913B /* Base */,
			);
			name = LaunchScreen.xib;
			sourceTree = "<group>";
		};
		9B4286F11A0D2FAF00E9913B /* Main.storyboard */ = {
			isa = PBXVariantGroup;
			children = (
				9B4286F21A0D2FAF00E9913B /* Base */,
			);
			name = Main.storyboard;
			sourceTree = "<group>";
		};
/* End PBXVariantGroup section */

/* Begin XCBuildConfiguration section */
		9B4CD1251A06E55300B65DE0 /* Debug */ = {
			isa = XCBuildConfiguration;
			buildSettings = {
				ALWAYS_SEARCH_USER_PATHS = NO;
				CLANG_CXX_LANGUAGE_STANDARD = "gnu++0x";
				CLANG_CXX_LIBRARY = "libc++";
				CLANG_ENABLE_MODULES = YES;
				CLANG_ENABLE_OBJC_ARC = YES;
				CLANG_WARN_BOOL_CONVERSION = YES;
				CLANG_WARN_CONSTANT_CONVERSION = YES;
				CLANG_WARN_DIRECT_OBJC_ISA_USAGE = YES_ERROR;
				CLANG_WARN_EMPTY_BODY = YES;
				CLANG_WARN_ENUM_CONVERSION = YES;
				CLANG_WARN_INFINITE_RECURSION = YES;
				CLANG_WARN_INT_CONVERSION = YES;
				CLANG_WARN_OBJC_ROOT_CLASS = YES_ERROR;
				CLANG_WARN_SUSPICIOUS_MOVE = YES;
				CLANG_WARN_UNREACHABLE_CODE = YES;
				CLANG_WARN__DUPLICATE_METHOD_MATCH = YES;
				"CODE_SIGN_IDENTITY[sdk=iphoneos*]" = "iPhone Developer";
				COPY_PHASE_STRIP = NO;
				ENABLE_STRICT_OBJC_MSGSEND = YES;
				ENABLE_TESTABILITY = YES;
				GCC_C_LANGUAGE_STANDARD = gnu99;
				GCC_DYNAMIC_NO_PIC = NO;
				GCC_NO_COMMON_BLOCKS = YES;
				GCC_OPTIMIZATION_LEVEL = 0;
				GCC_PREPROCESSOR_DEFINITIONS = (
					"DEBUG=1",
					"$(inherited)",
				);
				GCC_SYMBOLS_PRIVATE_EXTERN = NO;
				GCC_WARN_64_TO_32_BIT_CONVERSION = YES;
				GCC_WARN_ABOUT_RETURN_TYPE = YES_ERROR;
				GCC_WARN_UNDECLARED_SELECTOR = YES;
				GCC_WARN_UNINITIALIZED_AUTOS = YES_AGGRESSIVE;
				GCC_WARN_UNUSED_FUNCTION = YES;
				GCC_WARN_UNUSED_VARIABLE = YES;
				IPHONEOS_DEPLOYMENT_TARGET = 8.1;
				MTL_ENABLE_DEBUG_INFO = YES;
				ONLY_ACTIVE_ARCH = YES;
				SDKROOT = iphoneos;
				SWIFT_OPTIMIZATION_LEVEL = "-Onone";
			};
			name = Debug;
		};
		9B4CD1261A06E55300B65DE0 /* Release */ = {
			isa = XCBuildConfiguration;
			buildSettings = {
				ALWAYS_SEARCH_USER_PATHS = NO;
				CLANG_CXX_LANGUAGE_STANDARD = "gnu++0x";
				CLANG_CXX_LIBRARY = "libc++";
				CLANG_ENABLE_MODULES = YES;
				CLANG_ENABLE_OBJC_ARC = YES;
				CLANG_WARN_BOOL_CONVERSION = YES;
				CLANG_WARN_CONSTANT_CONVERSION = YES;
				CLANG_WARN_DIRECT_OBJC_ISA_USAGE = YES_ERROR;
				CLANG_WARN_EMPTY_BODY = YES;
				CLANG_WARN_ENUM_CONVERSION = YES;
				CLANG_WARN_INFINITE_RECURSION = YES;
				CLANG_WARN_INT_CONVERSION = YES;
				CLANG_WARN_OBJC_ROOT_CLASS = YES_ERROR;
				CLANG_WARN_SUSPICIOUS_MOVE = YES;
				CLANG_WARN_UNREACHABLE_CODE = YES;
				CLANG_WARN__DUPLICATE_METHOD_MATCH = YES;
				"CODE_SIGN_IDENTITY[sdk=iphoneos*]" = "iPhone Developer";
				COPY_PHASE_STRIP = YES;
				ENABLE_NS_ASSERTIONS = NO;
				ENABLE_STRICT_OBJC_MSGSEND = YES;
				GCC_C_LANGUAGE_STANDARD = gnu99;
				GCC_NO_COMMON_BLOCKS = YES;
				GCC_WARN_64_TO_32_BIT_CONVERSION = YES;
				GCC_WARN_ABOUT_RETURN_TYPE = YES_ERROR;
				GCC_WARN_UNDECLARED_SELECTOR = YES;
				GCC_WARN_UNINITIALIZED_AUTOS = YES_AGGRESSIVE;
				GCC_WARN_UNUSED_FUNCTION = YES;
				GCC_WARN_UNUSED_VARIABLE = YES;
				IPHONEOS_DEPLOYMENT_TARGET = 8.1;
				MTL_ENABLE_DEBUG_INFO = NO;
				SDKROOT = iphoneos;
				SWIFT_OPTIMIZATION_LEVEL = "-Owholemodule";
				VALIDATE_PRODUCT = YES;
			};
			name = Release;
		};
		9B4CD1281A06E55300B65DE0 /* Debug */ = {
			isa = XCBuildConfiguration;
			buildSettings = {
				ASSETCATALOG_COMPILER_APPICON_NAME = AppIcon;
				INFOPLIST_FILE = SweetAlert/Info.plist;
				LD_RUNPATH_SEARCH_PATHS = "$(inherited) @executable_path/Frameworks";
				PRODUCT_BUNDLE_IDENTIFIER = "GNDBL.$(PRODUCT_NAME:rfc1034identifier)";
				PRODUCT_NAME = "$(TARGET_NAME)";
				SWIFT_VERSION = 3.0;
			};
			name = Debug;
		};
		9B4CD1291A06E55300B65DE0 /* Release */ = {
			isa = XCBuildConfiguration;
			buildSettings = {
				ASSETCATALOG_COMPILER_APPICON_NAME = AppIcon;
				INFOPLIST_FILE = SweetAlert/Info.plist;
				LD_RUNPATH_SEARCH_PATHS = "$(inherited) @executable_path/Frameworks";
				PRODUCT_BUNDLE_IDENTIFIER = "GNDBL.$(PRODUCT_NAME:rfc1034identifier)";
				PRODUCT_NAME = "$(TARGET_NAME)";
				SWIFT_VERSION = 3.0;
			};
			name = Release;
		};
/* End XCBuildConfiguration section */

/* Begin XCConfigurationList section */
		9B4CD1031A06E55200B65DE0 /* Build configuration list for PBXProject "SweetAlert" */ = {
			isa = XCConfigurationList;
			buildConfigurations = (
				9B4CD1251A06E55300B65DE0 /* Debug */,
				9B4CD1261A06E55300B65DE0 /* Release */,
			);
			defaultConfigurationIsVisible = 0;
			defaultConfigurationName = Release;
		};
		9B4CD1271A06E55300B65DE0 /* Build configuration list for PBXNativeTarget "SweetAlert" */ = {
			isa = XCConfigurationList;
			buildConfigurations = (
				9B4CD1281A06E55300B65DE0 /* Debug */,
				9B4CD1291A06E55300B65DE0 /* Release */,
			);
			defaultConfigurationIsVisible = 0;
			defaultConfigurationName = Release;
		};
/* End XCConfigurationList section */
	};
	rootObject = 9B4CD1001A06E55200B65DE0 /* Project object */;
}
